{
    "_readme": [
        "This file locks the dependencies of your project to a known state",
        "Read more about it at https://getcomposer.org/doc/01-basic-usage.md#composer-lock-the-lock-file",
        "This file is @generated automatically"
    ],
    "content-hash": "46db3cb5da51d8e53931453c2ce9f007",
    "packages": [],
    "packages-dev": [],
    "aliases": [],
    "minimum-stability": "stable",
    "stability-flags": [],
    "prefer-stable": false,
    "prefer-lowest": false,
    "platform": {
        "ext-gd": "*",
        "php": "8.1.10",
        "ext-apcu": "*",
        "ext-intl": "*",
        "ext-exif": "*",
        "ext-imagick": "*",
        "ext-redis": "*",
        "ext-mbstring": "*"
    },
    "platform-dev": []
}